
Microsoft Visual Studio Solution File, Format Version 12.00
# Visual Studio Version 17
VisualStudioVersion = 17.4.33110.190
MinimumVisualStudioVersion = 10.0.40219.1
Project("{FAE04EC0-301F-11D3-BF4B-00C04F79EFBC}") = "webapp", "webapp\webapp.csproj", "{117D976F-3BD0-449F-8AC6-D8463F2F5DF8}"
EndProject
Global
	GlobalSection(SolutionConfigurationPlatforms) = preSolution
		Debug|Any CPU = Debug|Any CPU
		Release|Any CPU = Release|Any CPU
	EndGlobalSection
	GlobalSection(ProjectConfigurationPlatforms) = postSolution
		{117D976F-3BD0-449F-8AC6-D8463F2F5DF8}.Debug|Any CPU.ActiveCfg = Debug|Any CPU
		{117D976F-3BD0-449F-8AC6-D8463F2F5DF8}.Debug|Any CPU.Build.0 = Debug|Any CPU
		{117D976F-3BD0-449F-8AC6-D8463F2F5DF8}.Release|Any CPU.ActiveCfg = Release|Any CPU
		{117D976F-3BD0-449F-8AC6-D8463F2F5DF8}.Release|Any CPU.Build.0 = Release|Any CPU
	EndGlobalSection
	GlobalSection(SolutionProperties) = preSolution
		HideSolutionNode = FALSE
	EndGlobalSection
	GlobalSection(ExtensibilityGlobals) = postSolution
		SolutionGuid = {EFE8EEE8-0CA3-4295-8CBE-63FFE5201B87}
	EndGlobalSection
EndGlobal
